
Microsoft Visual Studio Solution File, Format Version 12.00
# Visual Studio Version 16
VisualStudioVersion = 16.0.32510.428
MinimumVisualStudioVersion = 10.0.40219.1
Project("{FAE04EC0-301F-11D3-BF4B-00C04F79EFBC}") = "OrderDetailsAPI", "OrderDetailsAPI\OrderDetailsAPI.csproj", "{5804A344-C2A3-46D0-961C-728E43770D12}"
EndProject
Global
	GlobalSection(SolutionConfigurationPlatforms) = preSolution
		Debug|Any CPU = Debug|Any CPU
		Release|Any CPU = Release|Any CPU
	EndGlobalSection
	GlobalSection(ProjectConfigurationPlatforms) = postSolution
		{5804A344-C2A3-46D0-961C-728E43770D12}.Debug|Any CPU.ActiveCfg = Debug|Any CPU
		{5804A344-C2A3-46D0-961C-728E43770D12}.Debug|Any CPU.Build.0 = Debug|Any CPU
		{5804A344-C2A3-46D0-961C-728E43770D12}.Release|Any CPU.ActiveCfg = Release|Any CPU
		{5804A344-C2A3-46D0-961C-728E43770D12}.Release|Any CPU.Build.0 = Release|Any CPU
	EndGlobalSection
	GlobalSection(SolutionProperties) = preSolution
		HideSolutionNode = FALSE
	EndGlobalSection
	GlobalSection(ExtensibilityGlobals) = postSolution
		SolutionGuid = {AC79BA7F-5878-49A9-A695-BAF01E667F43}
	EndGlobalSection
EndGlobal
